
Microsoft Visual Studio Solution File, Format Version 12.00
# Visual Studio Version 17
VisualStudioVersion = 17.7.34024.191
MinimumVisualStudioVersion = 10.0.40219.1
Project("{2150E333-8FDC-42A3-9474-1A3956D46DE8}") = "src", "src", "{FFC57562-25F6-4D48-BFB3-5E8298AF0B0B}"
EndProject
Project("{2150E333-8FDC-42A3-9474-1A3956D46DE8}") = "CustomerWebApi", "CustomerWebApi", "{4382D4A8-31D1-45BB-B22A-E0DB6A400A01}"
EndProject
Project("{9A19103F-16F7-4668-BE54-9A1E7A4F7556}") = "CustomerWebApi", "src\CustomerWebApi\CustomerWebApi.csproj", "{C1FEF1B7-E135-41DD-8C00-9B83DE4C5D09}"
EndProject
Project("{E53339B2-1760-4266-BCC7-CA923CBCF16C}") = "docker-compose", "docker-compose.dcproj", "{8E585D3C-BC99-4A3F-8F8E-8D1599E1BA45}"
EndProject
Project("{2150E333-8FDC-42A3-9474-1A3956D46DE8}") = "ProductWebApi", "ProductWebApi", "{217AA643-48D1-4E21-BBD5-51E26428C81E}"
EndProject
Project("{9A19103F-16F7-4668-BE54-9A1E7A4F7556}") = "ProductWebApi", "src\ProductWebApi\ProductWebApi.csproj", "{F5D6B64C-83AE-4528-B025-E4E5296CBC13}"
EndProject
Project("{2150E333-8FDC-42A3-9474-1A3956D46DE8}") = "OrderWevApi", "OrderWevApi", "{744A977C-45CA-445D-B50B-1312A8E31020}"
EndProject
Project("{FAE04EC0-301F-11D3-BF4B-00C04F79EFBC}") = "OrderWebApi", "src\OrderWebApi\OrderWebApi.csproj", "{68479509-DAB6-4B4B-B5F4-B9376D6C3070}"
EndProject
Global
	GlobalSection(SolutionConfigurationPlatforms) = preSolution
		Debug|Any CPU = Debug|Any CPU
		Release|Any CPU = Release|Any CPU
	EndGlobalSection
	GlobalSection(ProjectConfigurationPlatforms) = postSolution
		{C1FEF1B7-E135-41DD-8C00-9B83DE4C5D09}.Debug|Any CPU.ActiveCfg = Debug|Any CPU
		{C1FEF1B7-E135-41DD-8C00-9B83DE4C5D09}.Debug|Any CPU.Build.0 = Debug|Any CPU
		{C1FEF1B7-E135-41DD-8C00-9B83DE4C5D09}.Release|Any CPU.ActiveCfg = Release|Any CPU
		{C1FEF1B7-E135-41DD-8C00-9B83DE4C5D09}.Release|Any CPU.Build.0 = Release|Any CPU
		{8E585D3C-BC99-4A3F-8F8E-8D1599E1BA45}.Debug|Any CPU.ActiveCfg = Debug|Any CPU
		{8E585D3C-BC99-4A3F-8F8E-8D1599E1BA45}.Debug|Any CPU.Build.0 = Debug|Any CPU
		{8E585D3C-BC99-4A3F-8F8E-8D1599E1BA45}.Release|Any CPU.ActiveCfg = Release|Any CPU
		{8E585D3C-BC99-4A3F-8F8E-8D1599E1BA45}.Release|Any CPU.Build.0 = Release|Any CPU
		{F5D6B64C-83AE-4528-B025-E4E5296CBC13}.Debug|Any CPU.ActiveCfg = Debug|Any CPU
		{F5D6B64C-83AE-4528-B025-E4E5296CBC13}.Debug|Any CPU.Build.0 = Debug|Any CPU
		{F5D6B64C-83AE-4528-B025-E4E5296CBC13}.Release|Any CPU.ActiveCfg = Release|Any CPU
		{F5D6B64C-83AE-4528-B025-E4E5296CBC13}.Release|Any CPU.Build.0 = Release|Any CPU
		{68479509-DAB6-4B4B-B5F4-B9376D6C3070}.Debug|Any CPU.ActiveCfg = Debug|Any CPU
		{68479509-DAB6-4B4B-B5F4-B9376D6C3070}.Debug|Any CPU.Build.0 = Debug|Any CPU
		{68479509-DAB6-4B4B-B5F4-B9376D6C3070}.Release|Any CPU.ActiveCfg = Release|Any CPU
		{68479509-DAB6-4B4B-B5F4-B9376D6C3070}.Release|Any CPU.Build.0 = Release|Any CPU
	EndGlobalSection
	GlobalSection(SolutionProperties) = preSolution
		HideSolutionNode = FALSE
	EndGlobalSection
	GlobalSection(NestedProjects) = preSolution
		{4382D4A8-31D1-45BB-B22A-E0DB6A400A01} = {FFC57562-25F6-4D48-BFB3-5E8298AF0B0B}
		{C1FEF1B7-E135-41DD-8C00-9B83DE4C5D09} = {4382D4A8-31D1-45BB-B22A-E0DB6A400A01}
		{217AA643-48D1-4E21-BBD5-51E26428C81E} = {FFC57562-25F6-4D48-BFB3-5E8298AF0B0B}
		{F5D6B64C-83AE-4528-B025-E4E5296CBC13} = {217AA643-48D1-4E21-BBD5-51E26428C81E}
		{744A977C-45CA-445D-B50B-1312A8E31020} = {FFC57562-25F6-4D48-BFB3-5E8298AF0B0B}
		{68479509-DAB6-4B4B-B5F4-B9376D6C3070} = {744A977C-45CA-445D-B50B-1312A8E31020}
	EndGlobalSection
	GlobalSection(ExtensibilityGlobals) = postSolution
		SolutionGuid = {20487972-42B3-4CD9-8505-EFD85345DC86}
	EndGlobalSection
EndGlobal
